{
    "version": 3,
    "terraform_version": "0.11.10",
    "serial": 1,
    "lineage": "643312eb-ef75-f2d0-307d-aaa467bfb515",
    "modules": [
        {
            "path": [
                "root"
            ],
            "outputs": {
                "config_map_aws_auth": {
                    "sensitive": false,
                    "type": "string",
                    "value": "\n\napiVersion: v1\nkind: ConfigMap\nmetadata:\n  name: aws-auth\n  namespace: kube-system\ndata:\n  mapRoles: |\n    - rolearn: arn:aws:iam::656878657103:role/terraform-eks-demo-node\n      username: system:node:{{EC2PrivateDNSName}}\n      groups:\n        - system:bootstrappers\n        - system:nodes\n"
                },
                "kubeconfig": {
                    "sensitive": false,
                    "type": "string",
                    "value": "\n\napiVersion: v1\nclusters:\n- cluster:\n    server: https://E15B8B231588C6C54248399C97BD4DDC.sk1.us-west-2.eks.amazonaws.com\n    certificate-authority-data: LS0tLS1CRUdJTiBDRVJUSUZJQ0FURS0tLS0tCk1JSUN5RENDQWJDZ0F3SUJBZ0lCQURBTkJna3Foa2lHOXcwQkFRc0ZBREFWTVJNd0VRWURWUVFERXdwcmRXSmwKY201bGRHVnpNQjRYRFRFNE1UQXpNREU1TlRnMU5Wb1hEVEk0TVRBeU56RTVOVGcxTlZvd0ZURVRNQkVHQTFVRQpBeE1LYTNWaVpYSnVaWFJsY3pDQ0FTSXdEUVlKS29aSWh2Y05BUUVCQlFBRGdnRVBBRENDQVFvQ2dnRUJBTWFJClNCdWJESTZ1aWdrcFkvc3J1YzErNmZoZnh1c29JUEVTSUd0U1pySW0zOTkzMTJDVWI1UEsxYXRkaGNsREh5djUKZERWSzFRZ2E1SUZ4MnVoaUYxcXJaeGlNTGdOZ3h1MjZwSjBMZFhCZVZrdktzVE1tMXRmeGJaTndSb1hzbzRVSApNRzNQUlpMeG5COEoyalA4MTZQQS9oYi9HbzJiUXRJeHVNWUR3ZWN4clYwc0JlT0hyWTRPMFZ0N05RQTAwK0JFCmp2alg3TEh2K1JJK0R3elJqTXBHQXFGSUMzNEl0THk3N1NVK2VNTm1DZlZZVmNxaUFDQ0UzcldGMFNmWXN0NlYKTEdtZjU4Q3h0R1V5eC9RaVc3S0pqQWpQSXlkMWRrQm9lZlN5UzFOUDkwSmhkc0Zna2dYYzlmeWFrWGp5NXFuSAo2aHZvZHEvbDdHV2ppL2tzWmZFQ0F3RUFBYU1qTUNFd0RnWURWUjBQQVFIL0JBUURBZ0trTUE4R0ExVWRFd0VCCi93UUZNQU1CQWY4d0RRWUpLb1pJaHZjTkFRRUxCUUFEZ2dFQkFEM2hGOWIzWElub2tVNUhEek1lS2x6eHdwbnAKcFVvTURndkk1NmJRdHNxdXZWN2lzSDdCSUVsTVFKU2E3K2kzWDN4TVBuWU93OC9IV1VudVBQdDZaYlFKMWcrYgowdVVTRE56QW9sWnRhL0pSbkpOKys3OEZtelRwT1g0ZVk5dVg4NlZURWRkOEplWVhNZ01ycG9tQUxzVTd3NnpLCnNPV1ZSYkN2ZHVLSExvaGxwSEhyTEZYbmptcDN1cWlkQS96SW5lUlZoUXpTVGVRMUZkajl4TGgzYndCYkU4dlgKUGZldlNsOUFJZmtPdy9OUExiMGRob1l2bmNVSE1tMEMxdk94RGlmWUQ4K1lMeVNrZkd1OGJSNWJQWlFJeUEvcgpKNjVDK3B3U2tBdm5YYmtxUlRQenRYWksvQzU0WGZ3SlpFRFRZVkwzK1g3RFRsM01NeUM5cm1JN2pxST0KLS0tLS1FTkQgQ0VSVElGSUNBVEUtLS0tLQo=\n  name: kubernetes\ncontexts:\n- context:\n    cluster: kubernetes\n    user: aws\n  name: aws\ncurrent-context: aws\nkind: Config\npreferences: {}\nusers:\n- name: aws\n  user:\n    exec:\n      apiVersion: client.authentication.k8s.io/v1alpha1\n      command: aws-iam-authenticator\n      args:\n        - \"token\"\n        - \"-i\"\n        - \"terraform-eks-demo\"\n"
                }
            },
            "resources": {
                "aws_autoscaling_group.demo": {
                    "type": "aws_autoscaling_group",
                    "depends_on": [
                        "aws_launch_configuration.demo",
                        "aws_subnet.demo.*"
                    ],
                    "primary": {
                        "id": "terraform-eks-demo",
                        "attributes": {
                            "arn": "arn:aws:autoscaling:us-west-2:656878657103:autoScalingGroup:79be0148-54c0-4923-adb6-32da4f382381:autoScalingGroupName/terraform-eks-demo",
                            "availability_zones.#": "2",
                            "availability_zones.221770259": "us-west-2b",
                            "availability_zones.2487133097": "us-west-2a",
                            "default_cooldown": "300",
                            "desired_capacity": "2",
                            "enabled_metrics.#": "0",
                            "force_delete": "false",
                            "health_check_grace_period": "300",
                            "health_check_type": "EC2",
                            "id": "terraform-eks-demo",
                            "launch_configuration": "terraform-eks-demo20181030200049014500000006",
                            "launch_template.#": "0",
                            "load_balancers.#": "0",
                            "max_size": "2",
                            "metrics_granularity": "1Minute",
                            "min_size": "1",
                            "name": "terraform-eks-demo",
                            "placement_group": "",
                            "protect_from_scale_in": "false",
                            "service_linked_role_arn": "arn:aws:iam::656878657103:role/aws-service-role/autoscaling.amazonaws.com/AWSServiceRoleForAutoScaling",
                            "suspended_processes.#": "0",
                            "tag.#": "2",
                            "tag.3381877819.key": "kubernetes.io/cluster/terraform-eks-demo",
                            "tag.3381877819.propagate_at_launch": "true",
                            "tag.3381877819.value": "owned",
                            "tag.4079220990.key": "Name",
                            "tag.4079220990.propagate_at_launch": "true",
                            "tag.4079220990.value": "terraform-eks-demo",
                            "target_group_arns.#": "0",
                            "termination_policies.#": "0",
                            "vpc_zone_identifier.#": "2",
                            "vpc_zone_identifier.132574221": "subnet-0a7b837bec8652d26",
                            "vpc_zone_identifier.3972590334": "subnet-0e84f15e25546ce60",
                            "wait_for_capacity_timeout": "10m"
                        },
                        "meta": {
                            "e2bfb730-ecaa-11e6-8f88-34363bc7c4c0": {
                                "delete": 600000000000
                            }
                        },
                        "tainted": false
                    },
                    "deposed": [],
                    "provider": "provider.aws"
                },
                "aws_eks_cluster.demo": {
                    "type": "aws_eks_cluster",
                    "depends_on": [
                        "aws_iam_role.demo-cluster",
                        "aws_iam_role_policy_attachment.demo-cluster-AmazonEKSClusterPolicy",
                        "aws_iam_role_policy_attachment.demo-cluster-AmazonEKSServicePolicy",
                        "aws_security_group.demo-cluster",
                        "aws_subnet.demo.*"
                    ],
                    "primary": {
                        "id": "terraform-eks-demo",
                        "attributes": {
                            "arn": "arn:aws:eks:us-west-2:656878657103:cluster/terraform-eks-demo",
                            "certificate_authority.#": "1",
                            "certificate_authority.0.data": "LS0tLS1CRUdJTiBDRVJUSUZJQ0FURS0tLS0tCk1JSUN5RENDQWJDZ0F3SUJBZ0lCQURBTkJna3Foa2lHOXcwQkFRc0ZBREFWTVJNd0VRWURWUVFERXdwcmRXSmwKY201bGRHVnpNQjRYRFRFNE1UQXpNREU1TlRnMU5Wb1hEVEk0TVRBeU56RTVOVGcxTlZvd0ZURVRNQkVHQTFVRQpBeE1LYTNWaVpYSnVaWFJsY3pDQ0FTSXdEUVlKS29aSWh2Y05BUUVCQlFBRGdnRVBBRENDQVFvQ2dnRUJBTWFJClNCdWJESTZ1aWdrcFkvc3J1YzErNmZoZnh1c29JUEVTSUd0U1pySW0zOTkzMTJDVWI1UEsxYXRkaGNsREh5djUKZERWSzFRZ2E1SUZ4MnVoaUYxcXJaeGlNTGdOZ3h1MjZwSjBMZFhCZVZrdktzVE1tMXRmeGJaTndSb1hzbzRVSApNRzNQUlpMeG5COEoyalA4MTZQQS9oYi9HbzJiUXRJeHVNWUR3ZWN4clYwc0JlT0hyWTRPMFZ0N05RQTAwK0JFCmp2alg3TEh2K1JJK0R3elJqTXBHQXFGSUMzNEl0THk3N1NVK2VNTm1DZlZZVmNxaUFDQ0UzcldGMFNmWXN0NlYKTEdtZjU4Q3h0R1V5eC9RaVc3S0pqQWpQSXlkMWRrQm9lZlN5UzFOUDkwSmhkc0Zna2dYYzlmeWFrWGp5NXFuSAo2aHZvZHEvbDdHV2ppL2tzWmZFQ0F3RUFBYU1qTUNFd0RnWURWUjBQQVFIL0JBUURBZ0trTUE4R0ExVWRFd0VCCi93UUZNQU1CQWY4d0RRWUpLb1pJaHZjTkFRRUxCUUFEZ2dFQkFEM2hGOWIzWElub2tVNUhEek1lS2x6eHdwbnAKcFVvTURndkk1NmJRdHNxdXZWN2lzSDdCSUVsTVFKU2E3K2kzWDN4TVBuWU93OC9IV1VudVBQdDZaYlFKMWcrYgowdVVTRE56QW9sWnRhL0pSbkpOKys3OEZtelRwT1g0ZVk5dVg4NlZURWRkOEplWVhNZ01ycG9tQUxzVTd3NnpLCnNPV1ZSYkN2ZHVLSExvaGxwSEhyTEZYbmptcDN1cWlkQS96SW5lUlZoUXpTVGVRMUZkajl4TGgzYndCYkU4dlgKUGZldlNsOUFJZmtPdy9OUExiMGRob1l2bmNVSE1tMEMxdk94RGlmWUQ4K1lMeVNrZkd1OGJSNWJQWlFJeUEvcgpKNjVDK3B3U2tBdm5YYmtxUlRQenRYWksvQzU0WGZ3SlpFRFRZVkwzK1g3RFRsM01NeUM5cm1JN2pxST0KLS0tLS1FTkQgQ0VSVElGSUNBVEUtLS0tLQo=",
                            "created_at": "2018-10-30 19:51:31 +0000 UTC",
                            "endpoint": "https://E15B8B231588C6C54248399C97BD4DDC.sk1.us-west-2.eks.amazonaws.com",
                            "id": "terraform-eks-demo",
                            "name": "terraform-eks-demo",
                            "platform_version": "eks.2",
                            "role_arn": "arn:aws:iam::656878657103:role/terraform-eks-demo-cluster",
                            "version": "1.10",
                            "vpc_config.#": "1",
                            "vpc_config.0.security_group_ids.#": "1",
                            "vpc_config.0.security_group_ids.4111283380": "sg-08d35836e3d0ec39b",
                            "vpc_config.0.subnet_ids.#": "2",
                            "vpc_config.0.subnet_ids.499096824": "subnet-0a7b837bec8652d26",
                            "vpc_config.0.subnet_ids.970985816": "subnet-0e84f15e25546ce60",
                            "vpc_config.0.vpc_id": "vpc-045e22f0c828d69ba"
                        },
                        "meta": {
                            "e2bfb730-ecaa-11e6-8f88-34363bc7c4c0": {
                                "create": 900000000000,
                                "delete": 900000000000
                            }
                        },
                        "tainted": false
                    },
                    "deposed": [],
                    "provider": "provider.aws"
                },
                "aws_iam_instance_profile.demo-node": {
                    "type": "aws_iam_instance_profile",
                    "depends_on": [
                        "aws_iam_role.demo-node"
                    ],
                    "primary": {
                        "id": "terraform-eks-demo",
                        "attributes": {
                            "arn": "arn:aws:iam::656878657103:instance-profile/terraform-eks-demo",
                            "create_date": "2018-10-30T19:51:15Z",
                            "id": "terraform-eks-demo",
                            "name": "terraform-eks-demo",
                            "path": "/",
                            "role": "terraform-eks-demo-node",
                            "roles.#": "0",
                            "unique_id": "AIPAJG3GNAO6TY3TRBC3O"
                        },
                        "meta": {},
                        "tainted": false
                    },
                    "deposed": [],
                    "provider": "provider.aws"
                },
                "aws_iam_role.demo-cluster": {
                    "type": "aws_iam_role",
                    "depends_on": [],
                    "primary": {
                        "id": "terraform-eks-demo-cluster",
                        "attributes": {
                            "arn": "arn:aws:iam::656878657103:role/terraform-eks-demo-cluster",
                            "assume_role_policy": "{\"Version\":\"2012-10-17\",\"Statement\":[{\"Effect\":\"Allow\",\"Principal\":{\"Service\":\"eks.amazonaws.com\"},\"Action\":\"sts:AssumeRole\"}]}",
                            "create_date": "2018-10-30T19:51:15Z",
                            "description": "",
                            "force_detach_policies": "false",
                            "id": "terraform-eks-demo-cluster",
                            "max_session_duration": "3600",
                            "name": "terraform-eks-demo-cluster",
                            "path": "/",
                            "unique_id": "AROAJM2KCWYWQEAA4QJJM"
                        },
                        "meta": {},
                        "tainted": false
                    },
                    "deposed": [],
                    "provider": "provider.aws"
                },
                "aws_iam_role.demo-node": {
                    "type": "aws_iam_role",
                    "depends_on": [],
                    "primary": {
                        "id": "terraform-eks-demo-node",
                        "attributes": {
                            "arn": "arn:aws:iam::656878657103:role/terraform-eks-demo-node",
                            "assume_role_policy": "{\"Version\":\"2012-10-17\",\"Statement\":[{\"Effect\":\"Allow\",\"Principal\":{\"Service\":\"ec2.amazonaws.com\"},\"Action\":\"sts:AssumeRole\"}]}",
                            "create_date": "2018-10-30T19:51:15Z",
                            "description": "",
                            "force_detach_policies": "false",
                            "id": "terraform-eks-demo-node",
                            "max_session_duration": "3600",
                            "name": "terraform-eks-demo-node",
                            "path": "/",
                            "unique_id": "AROAIILE7XBIITHPIDGXK"
                        },
                        "meta": {},
                        "tainted": false
                    },
                    "deposed": [],
                    "provider": "provider.aws"
                },
                "aws_iam_role_policy_attachment.demo-cluster-AmazonEKSClusterPolicy": {
                    "type": "aws_iam_role_policy_attachment",
                    "depends_on": [
                        "aws_iam_role.demo-cluster"
                    ],
                    "primary": {
                        "id": "terraform-eks-demo-cluster-20181030195116113700000003",
                        "attributes": {
                            "id": "terraform-eks-demo-cluster-20181030195116113700000003",
                            "policy_arn": "arn:aws:iam::aws:policy/AmazonEKSClusterPolicy",
                            "role": "terraform-eks-demo-cluster"
                        },
                        "meta": {},
                        "tainted": false
                    },
                    "deposed": [],
                    "provider": "provider.aws"
                },
                "aws_iam_role_policy_attachment.demo-cluster-AmazonEKSServicePolicy": {
                    "type": "aws_iam_role_policy_attachment",
                    "depends_on": [
                        "aws_iam_role.demo-cluster"
                    ],
                    "primary": {
                        "id": "terraform-eks-demo-cluster-20181030195116114400000004",
                        "attributes": {
                            "id": "terraform-eks-demo-cluster-20181030195116114400000004",
                            "policy_arn": "arn:aws:iam::aws:policy/AmazonEKSServicePolicy",
                            "role": "terraform-eks-demo-cluster"
                        },
                        "meta": {},
                        "tainted": false
                    },
                    "deposed": [],
                    "provider": "provider.aws"
                },
                "aws_iam_role_policy_attachment.demo-node-AmazonEC2ContainerRegistryReadOnly": {
                    "type": "aws_iam_role_policy_attachment",
                    "depends_on": [
                        "aws_iam_role.demo-node"
                    ],
                    "primary": {
                        "id": "terraform-eks-demo-node-20181030195116114700000005",
                        "attributes": {
                            "id": "terraform-eks-demo-node-20181030195116114700000005",
                            "policy_arn": "arn:aws:iam::aws:policy/AmazonEC2ContainerRegistryReadOnly",
                            "role": "terraform-eks-demo-node"
                        },
                        "meta": {},
                        "tainted": false
                    },
                    "deposed": [],
                    "provider": "provider.aws"
                },
                "aws_iam_role_policy_attachment.demo-node-AmazonEKSWorkerNodePolicy": {
                    "type": "aws_iam_role_policy_attachment",
                    "depends_on": [
                        "aws_iam_role.demo-node"
                    ],
                    "primary": {
                        "id": "terraform-eks-demo-node-20181030195116097700000001",
                        "attributes": {
                            "id": "terraform-eks-demo-node-20181030195116097700000001",
                            "policy_arn": "arn:aws:iam::aws:policy/AmazonEKSWorkerNodePolicy",
                            "role": "terraform-eks-demo-node"
                        },
                        "meta": {},
                        "tainted": false
                    },
                    "deposed": [],
                    "provider": "provider.aws"
                },
                "aws_iam_role_policy_attachment.demo-node-AmazonEKS_CNI_Policy": {
                    "type": "aws_iam_role_policy_attachment",
                    "depends_on": [
                        "aws_iam_role.demo-node"
                    ],
                    "primary": {
                        "id": "terraform-eks-demo-node-20181030195116112900000002",
                        "attributes": {
                            "id": "terraform-eks-demo-node-20181030195116112900000002",
                            "policy_arn": "arn:aws:iam::aws:policy/AmazonEKS_CNI_Policy",
                            "role": "terraform-eks-demo-node"
                        },
                        "meta": {},
                        "tainted": false
                    },
                    "deposed": [],
                    "provider": "provider.aws"
                },
                "aws_internet_gateway.demo": {
                    "type": "aws_internet_gateway",
                    "depends_on": [
                        "aws_vpc.demo"
                    ],
                    "primary": {
                        "id": "igw-0358d2cad809b98de",
                        "attributes": {
                            "id": "igw-0358d2cad809b98de",
                            "tags.%": "1",
                            "tags.Name": "terraform-eks-demo",
                            "vpc_id": "vpc-045e22f0c828d69ba"
                        },
                        "meta": {},
                        "tainted": false
                    },
                    "deposed": [],
                    "provider": "provider.aws"
                },
                "aws_launch_configuration.demo": {
                    "type": "aws_launch_configuration",
                    "depends_on": [
                        "aws_iam_instance_profile.demo-node",
                        "aws_security_group.demo-node",
                        "data.aws_ami.eks-worker",
                        "local.demo-node-userdata"
                    ],
                    "primary": {
                        "id": "terraform-eks-demo20181030200049014500000006",
                        "attributes": {
                            "associate_public_ip_address": "true",
                            "ebs_block_device.#": "0",
                            "ebs_optimized": "false",
                            "enable_monitoring": "true",
                            "ephemeral_block_device.#": "0",
                            "iam_instance_profile": "terraform-eks-demo",
                            "id": "terraform-eks-demo20181030200049014500000006",
                            "image_id": "ami-0a54c984b9f908c81",
                            "instance_type": "m4.large",
                            "key_name": "",
                            "name": "terraform-eks-demo20181030200049014500000006",
                            "name_prefix": "terraform-eks-demo",
                            "root_block_device.#": "0",
                            "security_groups.#": "1",
                            "security_groups.3852347675": "sg-0f7d44d167c46554f",
                            "spot_price": "",
                            "user_data_base64": "IyEvYmluL2Jhc2gKc2V0IC1vIHh0cmFjZQovZXRjL2Vrcy9ib290c3RyYXAuc2ggLS1hcGlzZXJ2ZXItZW5kcG9pbnQgJ2h0dHBzOi8vRTE1QjhCMjMxNTg4QzZDNTQyNDgzOTlDOTdCRDREREMuc2sxLnVzLXdlc3QtMi5la3MuYW1hem9uYXdzLmNvbScgLS1iNjQtY2x1c3Rlci1jYSAnTFMwdExTMUNSVWRKVGlCRFJWSlVTVVpKUTBGVVJTMHRMUzB0Q2sxSlNVTjVSRU5EUVdKRFowRjNTVUpCWjBsQ1FVUkJUa0puYTNGb2EybEhPWGN3UWtGUmMwWkJSRUZXVFZKTmQwVlJXVVJXVVZGRVJYZHdjbVJYU213S1kyMDFiR1JIVm5wTlFqUllSRlJGTkUxVVFYcE5SRVUxVGxSbk1VNVdiMWhFVkVrMFRWUkJlVTU2UlRWT1ZHY3hUbFp2ZDBaVVJWUk5Ra1ZIUVRGVlJRcEJlRTFMWVROV2FWcFlTblZhV0ZKc1kzcERRMEZUU1hkRVVWbEtTMjlhU1doMlkwNUJVVVZDUWxGQlJHZG5SVkJCUkVORFFWRnZRMmRuUlVKQlRXRkpDbE5DZFdKRVNUWjFhV2RyY0ZrdmMzSjFZekVyTm1ab1puaDFjMjlKVUVWVFNVZDBVMXB5U1cwek9Ua3pNVEpEVldJMVVFc3hZWFJrYUdOc1JFaDVkalVLWkVSV1N6RlJaMkUxU1VaNE1uVm9hVVl4Y1hKYWVHbE5UR2RPWjNoMU1qWndTakJNWkZoQ1pWWnJka3R6VkUxdE1YUm1lR0phVG5kU2IxaHpielJWU0FwTlJ6TlFVbHBNZUc1Q09Fb3lhbEE0TVRaUVFTOW9ZaTlIYnpKaVVYUkplSFZOV1VSM1pXTjRjbFl3YzBKbFQwaHlXVFJQTUZaME4wNVJRVEF3SzBKRkNtcDJhbGczVEVoMksxSkpLMFIzZWxKcVRYQkhRWEZHU1VNek5FbDBUSGszTjFOVksyVk5UbTFEWmxaWlZtTnhhVUZEUTBVemNsZEdNRk5tV1hOME5sWUtURWR0WmpVNFEzaDBSMVY1ZUM5UmFWYzNTMHBxUVdwUVNYbGtNV1JyUW05bFpsTjVVekZPVURrd1NtaGtjMFpuYTJkWVl6bG1lV0ZyV0dwNU5YRnVTQW8yYUhadlpIRXZiRGRIVjJwcEwydHpXbVpGUTBGM1JVRkJZVTFxVFVORmQwUm5XVVJXVWpCUVFWRklMMEpCVVVSQlowdHJUVUU0UjBFeFZXUkZkMFZDQ2k5M1VVWk5RVTFDUVdZNGQwUlJXVXBMYjFwSmFIWmpUa0ZSUlV4Q1VVRkVaMmRGUWtGRU0yaEdPV0l6V0VsdWIydFZOVWhFZWsxbFMyeDZlSGR3Ym5BS2NGVnZUVVJuZGtrMU5tSlJkSE54ZFhaV04ybHpTRGRDU1VWc1RWRktVMkUzSzJreldETjRUVkJ1V1U5M09DOUlWMVZ1ZFZCUWREWmFZbEZLTVdjcllnb3dkVlZUUkU1NlFXOXNXblJoTDBwU2JrcE9LeXMzT0VadGVsUndUMWcwWlZrNWRWZzRObFpVUldSa09FcGxXVmhOWjAxeWNHOXRRVXh6VlRkM05ucExDbk5QVjFaU1lrTjJaSFZMU0V4dmFHeHdTRWh5VEVaWWJtcHRjRE4xY1dsa1FTOTZTVzVsVWxab1VYcFRWR1ZSTVVaa2FqbDRUR2d6WW5kQ1lrVTRkbGdLVUdabGRsTnNPVUZKWm10UGR5OU9VRXhpTUdSb2IxbDJibU5WU0UxdE1FTXhkazk0UkdsbVdVUTRLMWxNZVZOclprZDFPR0pTTldKUVdsRkplVUV2Y2dwS05qVkRLM0IzVTJ0QmRtNVlZbXR4VWxSUWVuUllXa3N2UXpVMFdHWjNTbHBGUkZSWlZrd3pLMWczUkZSc00wMU5lVU01Y20xSk4ycHhTVDBLTFMwdExTMUZUa1FnUTBWU1ZFbEdTVU5CVkVVdExTMHRMUW89JyAndGVycmFmb3JtLWVrcy1kZW1vJwo=",
                            "vpc_classic_link_id": "",
                            "vpc_classic_link_security_groups.#": "0"
                        },
                        "meta": {},
                        "tainted": false
                    },
                    "deposed": [],
                    "provider": "provider.aws"
                },
                "aws_route_table.demo": {
                    "type": "aws_route_table",
                    "depends_on": [
                        "aws_internet_gateway.demo",
                        "aws_vpc.demo"
                    ],
                    "primary": {
                        "id": "rtb-0184467b51ace6925",
                        "attributes": {
                            "id": "rtb-0184467b51ace6925",
                            "propagating_vgws.#": "0",
                            "route.#": "1",
                            "route.4054265128.cidr_block": "0.0.0.0/0",
                            "route.4054265128.egress_only_gateway_id": "",
                            "route.4054265128.gateway_id": "igw-0358d2cad809b98de",
                            "route.4054265128.instance_id": "",
                            "route.4054265128.ipv6_cidr_block": "",
                            "route.4054265128.nat_gateway_id": "",
                            "route.4054265128.network_interface_id": "",
                            "route.4054265128.vpc_peering_connection_id": "",
                            "tags.%": "0",
                            "vpc_id": "vpc-045e22f0c828d69ba"
                        },
                        "meta": {},
                        "tainted": false
                    },
                    "deposed": [],
                    "provider": "provider.aws"
                },
                "aws_route_table_association.demo.0": {
                    "type": "aws_route_table_association",
                    "depends_on": [
                        "aws_route_table.demo",
                        "aws_subnet.demo.*"
                    ],
                    "primary": {
                        "id": "rtbassoc-0af787c9ea89f547a",
                        "attributes": {
                            "id": "rtbassoc-0af787c9ea89f547a",
                            "route_table_id": "rtb-0184467b51ace6925",
                            "subnet_id": "subnet-0a7b837bec8652d26"
                        },
                        "meta": {},
                        "tainted": false
                    },
                    "deposed": [],
                    "provider": "provider.aws"
                },
                "aws_route_table_association.demo.1": {
                    "type": "aws_route_table_association",
                    "depends_on": [
                        "aws_route_table.demo",
                        "aws_subnet.demo.*"
                    ],
                    "primary": {
                        "id": "rtbassoc-0c043697537b13824",
                        "attributes": {
                            "id": "rtbassoc-0c043697537b13824",
                            "route_table_id": "rtb-0184467b51ace6925",
                            "subnet_id": "subnet-0e84f15e25546ce60"
                        },
                        "meta": {},
                        "tainted": false
                    },
                    "deposed": [],
                    "provider": "provider.aws"
                },
                "aws_security_group.demo-cluster": {
                    "type": "aws_security_group",
                    "depends_on": [
                        "aws_vpc.demo"
                    ],
                    "primary": {
                        "id": "sg-08d35836e3d0ec39b",
                        "attributes": {
                            "arn": "arn:aws:ec2:us-west-2:656878657103:security-group/sg-08d35836e3d0ec39b",
                            "description": "Cluster communication with worker nodes",
                            "egress.#": "1",
                            "egress.482069346.cidr_blocks.#": "1",
                            "egress.482069346.cidr_blocks.0": "0.0.0.0/0",
                            "egress.482069346.description": "",
                            "egress.482069346.from_port": "0",
                            "egress.482069346.ipv6_cidr_blocks.#": "0",
                            "egress.482069346.prefix_list_ids.#": "0",
                            "egress.482069346.protocol": "-1",
                            "egress.482069346.security_groups.#": "0",
                            "egress.482069346.self": "false",
                            "egress.482069346.to_port": "0",
                            "id": "sg-08d35836e3d0ec39b",
                            "ingress.#": "0",
                            "name": "terraform-eks-demo-cluster",
                            "owner_id": "656878657103",
                            "revoke_rules_on_delete": "false",
                            "tags.%": "1",
                            "tags.Name": "terraform-eks-demo",
                            "vpc_id": "vpc-045e22f0c828d69ba"
                        },
                        "meta": {
                            "e2bfb730-ecaa-11e6-8f88-34363bc7c4c0": {
                                "create": 600000000000,
                                "delete": 600000000000
                            },
                            "schema_version": "1"
                        },
                        "tainted": false
                    },
                    "deposed": [],
                    "provider": "provider.aws"
                },
                "aws_security_group.demo-node": {
                    "type": "aws_security_group",
                    "depends_on": [
                        "aws_vpc.demo"
                    ],
                    "primary": {
                        "id": "sg-0f7d44d167c46554f",
                        "attributes": {
                            "arn": "arn:aws:ec2:us-west-2:656878657103:security-group/sg-0f7d44d167c46554f",
                            "description": "Security group for all nodes in the cluster",
                            "egress.#": "1",
                            "egress.482069346.cidr_blocks.#": "1",
                            "egress.482069346.cidr_blocks.0": "0.0.0.0/0",
                            "egress.482069346.description": "",
                            "egress.482069346.from_port": "0",
                            "egress.482069346.ipv6_cidr_blocks.#": "0",
                            "egress.482069346.prefix_list_ids.#": "0",
                            "egress.482069346.protocol": "-1",
                            "egress.482069346.security_groups.#": "0",
                            "egress.482069346.self": "false",
                            "egress.482069346.to_port": "0",
                            "id": "sg-0f7d44d167c46554f",
                            "ingress.#": "0",
                            "name": "terraform-eks-demo-node",
                            "owner_id": "656878657103",
                            "revoke_rules_on_delete": "false",
                            "tags.%": "2",
                            "tags.Name": "terraform-eks-demo-node",
                            "tags.kubernetes.io/cluster/terraform-eks-demo": "owned",
                            "vpc_id": "vpc-045e22f0c828d69ba"
                        },
                        "meta": {
                            "e2bfb730-ecaa-11e6-8f88-34363bc7c4c0": {
                                "create": 600000000000,
                                "delete": 600000000000
                            },
                            "schema_version": "1"
                        },
                        "tainted": false
                    },
                    "deposed": [],
                    "provider": "provider.aws"
                },
                "aws_security_group_rule.demo-cluster-ingress-node-https": {
                    "type": "aws_security_group_rule",
                    "depends_on": [
                        "aws_security_group.demo-cluster",
                        "aws_security_group.demo-node"
                    ],
                    "primary": {
                        "id": "sgrule-328592388",
                        "attributes": {
                            "description": "Allow pods to communicate with the cluster API Server",
                            "from_port": "443",
                            "id": "sgrule-328592388",
                            "protocol": "tcp",
                            "security_group_id": "sg-08d35836e3d0ec39b",
                            "self": "false",
                            "source_security_group_id": "sg-0f7d44d167c46554f",
                            "to_port": "443",
                            "type": "ingress"
                        },
                        "meta": {
                            "schema_version": "2"
                        },
                        "tainted": false
                    },
                    "deposed": [],
                    "provider": "provider.aws"
                },
                "aws_security_group_rule.demo-cluster-ingress-workstation-https": {
                    "type": "aws_security_group_rule",
                    "depends_on": [
                        "aws_security_group.demo-cluster",
                        "local.workstation-external-cidr"
                    ],
                    "primary": {
                        "id": "sgrule-2303667380",
                        "attributes": {
                            "cidr_blocks.#": "1",
                            "cidr_blocks.0": "3.120.205.202/32",
                            "description": "Allow workstation to communicate with the cluster API Server",
                            "from_port": "443",
                            "id": "sgrule-2303667380",
                            "protocol": "tcp",
                            "security_group_id": "sg-08d35836e3d0ec39b",
                            "self": "false",
                            "to_port": "443",
                            "type": "ingress"
                        },
                        "meta": {
                            "schema_version": "2"
                        },
                        "tainted": false
                    },
                    "deposed": [],
                    "provider": "provider.aws"
                },
                "aws_security_group_rule.demo-node-ingress-cluster": {
                    "type": "aws_security_group_rule",
                    "depends_on": [
                        "aws_security_group.demo-cluster",
                        "aws_security_group.demo-node"
                    ],
                    "primary": {
                        "id": "sgrule-349825448",
                        "attributes": {
                            "description": "Allow worker Kubelets and pods to receive communication from the cluster control plane",
                            "from_port": "1025",
                            "id": "sgrule-349825448",
                            "protocol": "tcp",
                            "security_group_id": "sg-0f7d44d167c46554f",
                            "self": "false",
                            "source_security_group_id": "sg-08d35836e3d0ec39b",
                            "to_port": "65535",
                            "type": "ingress"
                        },
                        "meta": {
                            "schema_version": "2"
                        },
                        "tainted": false
                    },
                    "deposed": [],
                    "provider": "provider.aws"
                },
                "aws_security_group_rule.demo-node-ingress-self": {
                    "type": "aws_security_group_rule",
                    "depends_on": [
                        "aws_security_group.demo-node"
                    ],
                    "primary": {
                        "id": "sgrule-560831080",
                        "attributes": {
                            "description": "Allow node to communicate with each other",
                            "from_port": "0",
                            "id": "sgrule-560831080",
                            "protocol": "-1",
                            "security_group_id": "sg-0f7d44d167c46554f",
                            "self": "false",
                            "source_security_group_id": "sg-0f7d44d167c46554f",
                            "to_port": "65535",
                            "type": "ingress"
                        },
                        "meta": {
                            "schema_version": "2"
                        },
                        "tainted": false
                    },
                    "deposed": [],
                    "provider": "provider.aws"
                },
                "aws_subnet.demo.0": {
                    "type": "aws_subnet",
                    "depends_on": [
                        "aws_vpc.demo",
                        "data.aws_availability_zones.available"
                    ],
                    "primary": {
                        "id": "subnet-0a7b837bec8652d26",
                        "attributes": {
                            "arn": "arn:aws:ec2:us-west-2:656878657103:subnet/subnet-0a7b837bec8652d26",
                            "assign_ipv6_address_on_creation": "false",
                            "availability_zone": "us-west-2a",
                            "cidr_block": "10.0.0.0/24",
                            "id": "subnet-0a7b837bec8652d26",
                            "map_public_ip_on_launch": "false",
                            "tags.%": "2",
                            "tags.Name": "terraform-eks-demo-node",
                            "tags.kubernetes.io/cluster/terraform-eks-demo": "shared",
                            "vpc_id": "vpc-045e22f0c828d69ba"
                        },
                        "meta": {
                            "e2bfb730-ecaa-11e6-8f88-34363bc7c4c0": {
                                "create": 600000000000,
                                "delete": 600000000000
                            },
                            "schema_version": "1"
                        },
                        "tainted": false
                    },
                    "deposed": [],
                    "provider": "provider.aws"
                },
                "aws_subnet.demo.1": {
                    "type": "aws_subnet",
                    "depends_on": [
                        "aws_vpc.demo",
                        "data.aws_availability_zones.available"
                    ],
                    "primary": {
                        "id": "subnet-0e84f15e25546ce60",
                        "attributes": {
                            "arn": "arn:aws:ec2:us-west-2:656878657103:subnet/subnet-0e84f15e25546ce60",
                            "assign_ipv6_address_on_creation": "false",
                            "availability_zone": "us-west-2b",
                            "cidr_block": "10.0.1.0/24",
                            "id": "subnet-0e84f15e25546ce60",
                            "map_public_ip_on_launch": "false",
                            "tags.%": "2",
                            "tags.Name": "terraform-eks-demo-node",
                            "tags.kubernetes.io/cluster/terraform-eks-demo": "shared",
                            "vpc_id": "vpc-045e22f0c828d69ba"
                        },
                        "meta": {
                            "e2bfb730-ecaa-11e6-8f88-34363bc7c4c0": {
                                "create": 600000000000,
                                "delete": 600000000000
                            },
                            "schema_version": "1"
                        },
                        "tainted": false
                    },
                    "deposed": [],
                    "provider": "provider.aws"
                },
                "aws_vpc.demo": {
                    "type": "aws_vpc",
                    "depends_on": [],
                    "primary": {
                        "id": "vpc-045e22f0c828d69ba",
                        "attributes": {
                            "arn": "arn:aws:ec2:us-west-2:656878657103:vpc/vpc-045e22f0c828d69ba",
                            "assign_generated_ipv6_cidr_block": "false",
                            "cidr_block": "10.0.0.0/16",
                            "default_network_acl_id": "acl-0a39367228aa4286d",
                            "default_route_table_id": "rtb-0b26b8a654c0b48a9",
                            "default_security_group_id": "sg-0e7714d213f9efe50",
                            "dhcp_options_id": "dopt-0f1eb836a5f1fd63a",
                            "enable_classiclink": "false",
                            "enable_classiclink_dns_support": "false",
                            "enable_dns_hostnames": "false",
                            "enable_dns_support": "true",
                            "id": "vpc-045e22f0c828d69ba",
                            "instance_tenancy": "default",
                            "main_route_table_id": "rtb-0b26b8a654c0b48a9",
                            "tags.%": "2",
                            "tags.Name": "terraform-eks-demo-node",
                            "tags.kubernetes.io/cluster/terraform-eks-demo": "shared"
                        },
                        "meta": {
                            "schema_version": "1"
                        },
                        "tainted": false
                    },
                    "deposed": [],
                    "provider": "provider.aws"
                },
                "data.aws_ami.eks-worker": {
                    "type": "aws_ami",
                    "depends_on": [],
                    "primary": {
                        "id": "ami-0a54c984b9f908c81",
                        "attributes": {
                            "architecture": "x86_64",
                            "block_device_mappings.#": "1",
                            "block_device_mappings.3798922657.device_name": "/dev/xvda",
                            "block_device_mappings.3798922657.ebs.%": "6",
                            "block_device_mappings.3798922657.ebs.delete_on_termination": "true",
                            "block_device_mappings.3798922657.ebs.encrypted": "false",
                            "block_device_mappings.3798922657.ebs.iops": "0",
                            "block_device_mappings.3798922657.ebs.snapshot_id": "snap-0906f02f0068f2110",
                            "block_device_mappings.3798922657.ebs.volume_size": "20",
                            "block_device_mappings.3798922657.ebs.volume_type": "gp2",
                            "block_device_mappings.3798922657.no_device": "",
                            "block_device_mappings.3798922657.virtual_name": "",
                            "creation_date": "2018-09-12T22:21:11.000Z",
                            "description": "EKS Kubernetes Worker AMI with AmazonLinux2 image",
                            "filter.#": "1",
                            "filter.249857641.name": "name",
                            "filter.249857641.values.#": "1",
                            "filter.249857641.values.0": "amazon-eks-node-v*",
                            "hypervisor": "xen",
                            "id": "ami-0a54c984b9f908c81",
                            "image_id": "ami-0a54c984b9f908c81",
                            "image_location": "602401143452/amazon-eks-node-v24",
                            "image_type": "machine",
                            "most_recent": "true",
                            "name": "amazon-eks-node-v24",
                            "owner_id": "602401143452",
                            "owners.#": "1",
                            "owners.0": "602401143452",
                            "product_codes.#": "0",
                            "public": "true",
                            "root_device_name": "/dev/xvda",
                            "root_device_type": "ebs",
                            "root_snapshot_id": "snap-0906f02f0068f2110",
                            "sriov_net_support": "simple",
                            "state": "available",
                            "state_reason.%": "2",
                            "state_reason.code": "UNSET",
                            "state_reason.message": "UNSET",
                            "tags.%": "0",
                            "virtualization_type": "hvm"
                        },
                        "meta": {},
                        "tainted": false
                    },
                    "deposed": [],
                    "provider": "provider.aws"
                },
                "data.aws_availability_zones.available": {
                    "type": "aws_availability_zones",
                    "depends_on": [],
                    "primary": {
                        "id": "2018-10-30 19:51:08.530624299 +0000 UTC",
                        "attributes": {
                            "id": "2018-10-30 19:51:08.530624299 +0000 UTC",
                            "names.#": "3",
                            "names.0": "us-west-2a",
                            "names.1": "us-west-2b",
                            "names.2": "us-west-2c"
                        },
                        "meta": {},
                        "tainted": false
                    },
                    "deposed": [],
                    "provider": "provider.aws"
                },
                "data.aws_region.current": {
                    "type": "aws_region",
                    "depends_on": [],
                    "primary": {
                        "id": "us-west-2",
                        "attributes": {
                            "current": "true",
                            "description": "US West (Oregon)",
                            "endpoint": "ec2.us-west-2.amazonaws.com",
                            "id": "us-west-2",
                            "name": "us-west-2"
                        },
                        "meta": {},
                        "tainted": false
                    },
                    "deposed": [],
                    "provider": "provider.aws"
                },
                "data.http.workstation-external-ip": {
                    "type": "http",
                    "depends_on": [],
                    "primary": {
                        "id": "2018-10-30 19:51:07.396296117 +0000 UTC",
                        "attributes": {
                            "body": "3.120.205.202\n",
                            "id": "2018-10-30 19:51:07.396296117 +0000 UTC",
                            "url": "http://ipv4.icanhazip.com"
                        },
                        "meta": {},
                        "tainted": false
                    },
                    "deposed": [],
                    "provider": "provider.http"
                }
            },
            "depends_on": []
        }
    ]
}
